
Microsoft Visual Studio Solution File, Format Version 12.00
# Visual Studio Version 16
VisualStudioVersion = 16.0.30114.105
MinimumVisualStudioVersion = 10.0.40219.1
Project("{2150E333-8FDC-42A3-9474-1A3956D46DE8}") = "Domain", "Domain", "{EC842D89-5F97-49D2-8A49-B473D3D307B8}"
EndProject
Project("{FAE04EC0-301F-11D3-BF4B-00C04F79EFBC}") = "MicroRabbit.Domain.Core", "Domain\MicroRabbit.Domain.Core\MicroRabbit.Domain.Core.csproj", "{8671FD7C-1E8D-4C7C-B476-8F0A49088251}"
EndProject
Project("{2150E333-8FDC-42A3-9474-1A3956D46DE8}") = "Infra.Bus", "Infra.Bus", "{9767901D-4FE2-4B46-A396-E8FE3B32CB3E}"
EndProject
Project("{FAE04EC0-301F-11D3-BF4B-00C04F79EFBC}") = "MicroRabbit.Infra.Bus", "Infra.Bus\MicroRabbit.Infra.Bus\MicroRabbit.Infra.Bus.csproj", "{29F56107-7832-4CE4-93E1-F43D56797DCF}"
EndProject
Project("{2150E333-8FDC-42A3-9474-1A3956D46DE8}") = "infra.ioc", "infra.ioc", "{47301605-0376-412E-BAF5-D60BD1A99770}"
EndProject
Project("{FAE04EC0-301F-11D3-BF4B-00C04F79EFBC}") = "MicroRabbit.Infra.IoC", "infra.ioc\MicroRabbit.Infra.Ioc\MicroRabbit.Infra.IoC.csproj", "{FD27C93C-4942-4278-9B7B-23158D47AF81}"
EndProject
Project("{2150E333-8FDC-42A3-9474-1A3956D46DE8}") = "Microservices", "Microservices", "{5FE766CF-0C3B-4932-8FAD-A1EB41A1E074}"
EndProject
Project("{2150E333-8FDC-42A3-9474-1A3956D46DE8}") = "Banking", "Banking", "{25E994E0-C5F4-4845-9A50-764B9D886061}"
EndProject
Project("{2150E333-8FDC-42A3-9474-1A3956D46DE8}") = "Domain", "Domain", "{A74F2992-6DD0-404E-8599-2DD4A3E32D39}"
EndProject
Project("{FAE04EC0-301F-11D3-BF4B-00C04F79EFBC}") = "MicroRabbit.Banking.Domain", "Microservices\Banking\Domain\MicroRabbit.Banking.Domain\MicroRabbit.Banking.Domain.csproj", "{DEF59D2B-2499-46E0-881E-98294E979C0F}"
EndProject
Project("{2150E333-8FDC-42A3-9474-1A3956D46DE8}") = "Data", "Data", "{6DCB9944-4059-4B5B-8437-0DCC4A486F99}"
EndProject
Project("{FAE04EC0-301F-11D3-BF4B-00C04F79EFBC}") = "MicroRabbit.Banking.Data", "Microservices\Banking\Data\MicroRabbit.Banking.Data\MicroRabbit.Banking.Data.csproj", "{CCD56DB3-B302-4D14-8F71-98D5B8F45585}"
EndProject
Project("{2150E333-8FDC-42A3-9474-1A3956D46DE8}") = "Application", "Application", "{07679CDC-7C74-41B6-B844-F18F8140D767}"
EndProject
Project("{FAE04EC0-301F-11D3-BF4B-00C04F79EFBC}") = "MicroRabbit.Banking.Application", "Microservices\Banking\Application\MicroRabbit.Banking.Application\MicroRabbit.Banking.Application.csproj", "{B1C0F289-53FA-4695-991F-11AD01D5B1DA}"
EndProject
Project("{2150E333-8FDC-42A3-9474-1A3956D46DE8}") = "Api", "Api", "{DBD4B464-9492-41AB-9D5C-D820FA475DFD}"
EndProject
Project("{FAE04EC0-301F-11D3-BF4B-00C04F79EFBC}") = "MicroRabbit.Banking.Api", "Microservices\Banking\Api\MicroRabbit.Banking.Api\MicroRabbit.Banking.Api.csproj", "{B5EDF2E9-312B-4076-8CE2-8EDAA651F778}"
EndProject
Global
	GlobalSection(SolutionConfigurationPlatforms) = preSolution
		Debug|Any CPU = Debug|Any CPU
		Debug|x64 = Debug|x64
		Debug|x86 = Debug|x86
		Release|Any CPU = Release|Any CPU
		Release|x64 = Release|x64
		Release|x86 = Release|x86
	EndGlobalSection
	GlobalSection(SolutionProperties) = preSolution
		HideSolutionNode = FALSE
	EndGlobalSection
	GlobalSection(ProjectConfigurationPlatforms) = postSolution
		{8671FD7C-1E8D-4C7C-B476-8F0A49088251}.Debug|Any CPU.ActiveCfg = Debug|Any CPU
		{8671FD7C-1E8D-4C7C-B476-8F0A49088251}.Debug|Any CPU.Build.0 = Debug|Any CPU
		{8671FD7C-1E8D-4C7C-B476-8F0A49088251}.Debug|x64.ActiveCfg = Debug|Any CPU
		{8671FD7C-1E8D-4C7C-B476-8F0A49088251}.Debug|x64.Build.0 = Debug|Any CPU
		{8671FD7C-1E8D-4C7C-B476-8F0A49088251}.Debug|x86.ActiveCfg = Debug|Any CPU
		{8671FD7C-1E8D-4C7C-B476-8F0A49088251}.Debug|x86.Build.0 = Debug|Any CPU
		{8671FD7C-1E8D-4C7C-B476-8F0A49088251}.Release|Any CPU.ActiveCfg = Release|Any CPU
		{8671FD7C-1E8D-4C7C-B476-8F0A49088251}.Release|Any CPU.Build.0 = Release|Any CPU
		{8671FD7C-1E8D-4C7C-B476-8F0A49088251}.Release|x64.ActiveCfg = Release|Any CPU
		{8671FD7C-1E8D-4C7C-B476-8F0A49088251}.Release|x64.Build.0 = Release|Any CPU
		{8671FD7C-1E8D-4C7C-B476-8F0A49088251}.Release|x86.ActiveCfg = Release|Any CPU
		{8671FD7C-1E8D-4C7C-B476-8F0A49088251}.Release|x86.Build.0 = Release|Any CPU
		{29F56107-7832-4CE4-93E1-F43D56797DCF}.Debug|Any CPU.ActiveCfg = Debug|Any CPU
		{29F56107-7832-4CE4-93E1-F43D56797DCF}.Debug|Any CPU.Build.0 = Debug|Any CPU
		{29F56107-7832-4CE4-93E1-F43D56797DCF}.Debug|x64.ActiveCfg = Debug|Any CPU
		{29F56107-7832-4CE4-93E1-F43D56797DCF}.Debug|x64.Build.0 = Debug|Any CPU
		{29F56107-7832-4CE4-93E1-F43D56797DCF}.Debug|x86.ActiveCfg = Debug|Any CPU
		{29F56107-7832-4CE4-93E1-F43D56797DCF}.Debug|x86.Build.0 = Debug|Any CPU
		{29F56107-7832-4CE4-93E1-F43D56797DCF}.Release|Any CPU.ActiveCfg = Release|Any CPU
		{29F56107-7832-4CE4-93E1-F43D56797DCF}.Release|Any CPU.Build.0 = Release|Any CPU
		{29F56107-7832-4CE4-93E1-F43D56797DCF}.Release|x64.ActiveCfg = Release|Any CPU
		{29F56107-7832-4CE4-93E1-F43D56797DCF}.Release|x64.Build.0 = Release|Any CPU
		{29F56107-7832-4CE4-93E1-F43D56797DCF}.Release|x86.ActiveCfg = Release|Any CPU
		{29F56107-7832-4CE4-93E1-F43D56797DCF}.Release|x86.Build.0 = Release|Any CPU
		{FD27C93C-4942-4278-9B7B-23158D47AF81}.Debug|Any CPU.ActiveCfg = Debug|Any CPU
		{FD27C93C-4942-4278-9B7B-23158D47AF81}.Debug|Any CPU.Build.0 = Debug|Any CPU
		{FD27C93C-4942-4278-9B7B-23158D47AF81}.Debug|x64.ActiveCfg = Debug|Any CPU
		{FD27C93C-4942-4278-9B7B-23158D47AF81}.Debug|x64.Build.0 = Debug|Any CPU
		{FD27C93C-4942-4278-9B7B-23158D47AF81}.Debug|x86.ActiveCfg = Debug|Any CPU
		{FD27C93C-4942-4278-9B7B-23158D47AF81}.Debug|x86.Build.0 = Debug|Any CPU
		{FD27C93C-4942-4278-9B7B-23158D47AF81}.Release|Any CPU.ActiveCfg = Release|Any CPU
		{FD27C93C-4942-4278-9B7B-23158D47AF81}.Release|Any CPU.Build.0 = Release|Any CPU
		{FD27C93C-4942-4278-9B7B-23158D47AF81}.Release|x64.ActiveCfg = Release|Any CPU
		{FD27C93C-4942-4278-9B7B-23158D47AF81}.Release|x64.Build.0 = Release|Any CPU
		{FD27C93C-4942-4278-9B7B-23158D47AF81}.Release|x86.ActiveCfg = Release|Any CPU
		{FD27C93C-4942-4278-9B7B-23158D47AF81}.Release|x86.Build.0 = Release|Any CPU
		{DEF59D2B-2499-46E0-881E-98294E979C0F}.Debug|Any CPU.ActiveCfg = Debug|Any CPU
		{DEF59D2B-2499-46E0-881E-98294E979C0F}.Debug|Any CPU.Build.0 = Debug|Any CPU
		{DEF59D2B-2499-46E0-881E-98294E979C0F}.Debug|x64.ActiveCfg = Debug|Any CPU
		{DEF59D2B-2499-46E0-881E-98294E979C0F}.Debug|x64.Build.0 = Debug|Any CPU
		{DEF59D2B-2499-46E0-881E-98294E979C0F}.Debug|x86.ActiveCfg = Debug|Any CPU
		{DEF59D2B-2499-46E0-881E-98294E979C0F}.Debug|x86.Build.0 = Debug|Any CPU
		{DEF59D2B-2499-46E0-881E-98294E979C0F}.Release|Any CPU.ActiveCfg = Release|Any CPU
		{DEF59D2B-2499-46E0-881E-98294E979C0F}.Release|Any CPU.Build.0 = Release|Any CPU
		{DEF59D2B-2499-46E0-881E-98294E979C0F}.Release|x64.ActiveCfg = Release|Any CPU
		{DEF59D2B-2499-46E0-881E-98294E979C0F}.Release|x64.Build.0 = Release|Any CPU
		{DEF59D2B-2499-46E0-881E-98294E979C0F}.Release|x86.ActiveCfg = Release|Any CPU
		{DEF59D2B-2499-46E0-881E-98294E979C0F}.Release|x86.Build.0 = Release|Any CPU
		{CCD56DB3-B302-4D14-8F71-98D5B8F45585}.Debug|Any CPU.ActiveCfg = Debug|Any CPU
		{CCD56DB3-B302-4D14-8F71-98D5B8F45585}.Debug|Any CPU.Build.0 = Debug|Any CPU
		{CCD56DB3-B302-4D14-8F71-98D5B8F45585}.Debug|x64.ActiveCfg = Debug|Any CPU
		{CCD56DB3-B302-4D14-8F71-98D5B8F45585}.Debug|x64.Build.0 = Debug|Any CPU
		{CCD56DB3-B302-4D14-8F71-98D5B8F45585}.Debug|x86.ActiveCfg = Debug|Any CPU
		{CCD56DB3-B302-4D14-8F71-98D5B8F45585}.Debug|x86.Build.0 = Debug|Any CPU
		{CCD56DB3-B302-4D14-8F71-98D5B8F45585}.Release|Any CPU.ActiveCfg = Release|Any CPU
		{CCD56DB3-B302-4D14-8F71-98D5B8F45585}.Release|Any CPU.Build.0 = Release|Any CPU
		{CCD56DB3-B302-4D14-8F71-98D5B8F45585}.Release|x64.ActiveCfg = Release|Any CPU
		{CCD56DB3-B302-4D14-8F71-98D5B8F45585}.Release|x64.Build.0 = Release|Any CPU
		{CCD56DB3-B302-4D14-8F71-98D5B8F45585}.Release|x86.ActiveCfg = Release|Any CPU
		{CCD56DB3-B302-4D14-8F71-98D5B8F45585}.Release|x86.Build.0 = Release|Any CPU
		{B1C0F289-53FA-4695-991F-11AD01D5B1DA}.Debug|Any CPU.ActiveCfg = Debug|Any CPU
		{B1C0F289-53FA-4695-991F-11AD01D5B1DA}.Debug|Any CPU.Build.0 = Debug|Any CPU
		{B1C0F289-53FA-4695-991F-11AD01D5B1DA}.Debug|x64.ActiveCfg = Debug|Any CPU
		{B1C0F289-53FA-4695-991F-11AD01D5B1DA}.Debug|x64.Build.0 = Debug|Any CPU
		{B1C0F289-53FA-4695-991F-11AD01D5B1DA}.Debug|x86.ActiveCfg = Debug|Any CPU
		{B1C0F289-53FA-4695-991F-11AD01D5B1DA}.Debug|x86.Build.0 = Debug|Any CPU
		{B1C0F289-53FA-4695-991F-11AD01D5B1DA}.Release|Any CPU.ActiveCfg = Release|Any CPU
		{B1C0F289-53FA-4695-991F-11AD01D5B1DA}.Release|Any CPU.Build.0 = Release|Any CPU
		{B1C0F289-53FA-4695-991F-11AD01D5B1DA}.Release|x64.ActiveCfg = Release|Any CPU
		{B1C0F289-53FA-4695-991F-11AD01D5B1DA}.Release|x64.Build.0 = Release|Any CPU
		{B1C0F289-53FA-4695-991F-11AD01D5B1DA}.Release|x86.ActiveCfg = Release|Any CPU
		{B1C0F289-53FA-4695-991F-11AD01D5B1DA}.Release|x86.Build.0 = Release|Any CPU
		{B5EDF2E9-312B-4076-8CE2-8EDAA651F778}.Debug|Any CPU.ActiveCfg = Debug|Any CPU
		{B5EDF2E9-312B-4076-8CE2-8EDAA651F778}.Debug|Any CPU.Build.0 = Debug|Any CPU
		{B5EDF2E9-312B-4076-8CE2-8EDAA651F778}.Debug|x64.ActiveCfg = Debug|Any CPU
		{B5EDF2E9-312B-4076-8CE2-8EDAA651F778}.Debug|x64.Build.0 = Debug|Any CPU
		{B5EDF2E9-312B-4076-8CE2-8EDAA651F778}.Debug|x86.ActiveCfg = Debug|Any CPU
		{B5EDF2E9-312B-4076-8CE2-8EDAA651F778}.Debug|x86.Build.0 = Debug|Any CPU
		{B5EDF2E9-312B-4076-8CE2-8EDAA651F778}.Release|Any CPU.ActiveCfg = Release|Any CPU
		{B5EDF2E9-312B-4076-8CE2-8EDAA651F778}.Release|Any CPU.Build.0 = Release|Any CPU
		{B5EDF2E9-312B-4076-8CE2-8EDAA651F778}.Release|x64.ActiveCfg = Release|Any CPU
		{B5EDF2E9-312B-4076-8CE2-8EDAA651F778}.Release|x64.Build.0 = Release|Any CPU
		{B5EDF2E9-312B-4076-8CE2-8EDAA651F778}.Release|x86.ActiveCfg = Release|Any CPU
		{B5EDF2E9-312B-4076-8CE2-8EDAA651F778}.Release|x86.Build.0 = Release|Any CPU
	EndGlobalSection
	GlobalSection(NestedProjects) = preSolution
		{8671FD7C-1E8D-4C7C-B476-8F0A49088251} = {EC842D89-5F97-49D2-8A49-B473D3D307B8}
		{29F56107-7832-4CE4-93E1-F43D56797DCF} = {9767901D-4FE2-4B46-A396-E8FE3B32CB3E}
		{FD27C93C-4942-4278-9B7B-23158D47AF81} = {47301605-0376-412E-BAF5-D60BD1A99770}
		{25E994E0-C5F4-4845-9A50-764B9D886061} = {5FE766CF-0C3B-4932-8FAD-A1EB41A1E074}
		{A74F2992-6DD0-404E-8599-2DD4A3E32D39} = {25E994E0-C5F4-4845-9A50-764B9D886061}
		{DEF59D2B-2499-46E0-881E-98294E979C0F} = {A74F2992-6DD0-404E-8599-2DD4A3E32D39}
		{6DCB9944-4059-4B5B-8437-0DCC4A486F99} = {25E994E0-C5F4-4845-9A50-764B9D886061}
		{CCD56DB3-B302-4D14-8F71-98D5B8F45585} = {6DCB9944-4059-4B5B-8437-0DCC4A486F99}
		{07679CDC-7C74-41B6-B844-F18F8140D767} = {25E994E0-C5F4-4845-9A50-764B9D886061}
		{B1C0F289-53FA-4695-991F-11AD01D5B1DA} = {07679CDC-7C74-41B6-B844-F18F8140D767}
		{DBD4B464-9492-41AB-9D5C-D820FA475DFD} = {25E994E0-C5F4-4845-9A50-764B9D886061}
		{B5EDF2E9-312B-4076-8CE2-8EDAA651F778} = {DBD4B464-9492-41AB-9D5C-D820FA475DFD}
	EndGlobalSection
EndGlobal
